
Microsoft Visual Studio Solution File, Format Version 12.00
# Visual Studio Version 17
VisualStudioVersion = 17.11.35327.3
MinimumVisualStudioVersion = 10.0.40219.1
Project("{2150E333-8FDC-42A3-9474-1A3956D46DE8}") = "src", "src", "{53A298A6-7DA2-4B37-A8C2-DF57C49B90D2}"
EndProject
Project("{9A19103F-16F7-4668-BE54-9A1E7A4F7556}") = "Linkify.Domain", "src\Linkify.Domain\Linkify.Domain.csproj", "{1CEE2EFC-EC67-4509-96B5-619410F092A0}"
EndProject
Project("{9A19103F-16F7-4668-BE54-9A1E7A4F7556}") = "Linkify.Application", "src\Linkify.Application\Linkify.Application.csproj", "{4BEC4B4C-CF45-4C0A-AB16-5EAFC42A300A}"
EndProject
Project("{9A19103F-16F7-4668-BE54-9A1E7A4F7556}") = "Linkify.Infrastructure", "src\Linkify.Infrastructure\Linkify.Infrastructure.csproj", "{C7C0A859-7190-4556-A734-15319F32C10B}"
EndProject
Project("{9A19103F-16F7-4668-BE54-9A1E7A4F7556}") = "Linkify.Api", "src\Linkify.Api\Linkify.Api.csproj", "{28CF0D57-A212-478C-AE00-1C17CD3B4EBB}"
EndProject
Global
	GlobalSection(SolutionConfigurationPlatforms) = preSolution
		Debug|x86 = Debug|x86
		Release|x86 = Release|x86
	EndGlobalSection
	GlobalSection(ProjectConfigurationPlatforms) = postSolution
		{1CEE2EFC-EC67-4509-96B5-619410F092A0}.Debug|x86.ActiveCfg = Debug|Any CPU
		{1CEE2EFC-EC67-4509-96B5-619410F092A0}.Debug|x86.Build.0 = Debug|Any CPU
		{1CEE2EFC-EC67-4509-96B5-619410F092A0}.Release|x86.ActiveCfg = Release|Any CPU
		{1CEE2EFC-EC67-4509-96B5-619410F092A0}.Release|x86.Build.0 = Release|Any CPU
		{4BEC4B4C-CF45-4C0A-AB16-5EAFC42A300A}.Debug|x86.ActiveCfg = Debug|Any CPU
		{4BEC4B4C-CF45-4C0A-AB16-5EAFC42A300A}.Debug|x86.Build.0 = Debug|Any CPU
		{4BEC4B4C-CF45-4C0A-AB16-5EAFC42A300A}.Release|x86.ActiveCfg = Release|Any CPU
		{4BEC4B4C-CF45-4C0A-AB16-5EAFC42A300A}.Release|x86.Build.0 = Release|Any CPU
		{C7C0A859-7190-4556-A734-15319F32C10B}.Debug|x86.ActiveCfg = Debug|Any CPU
		{C7C0A859-7190-4556-A734-15319F32C10B}.Debug|x86.Build.0 = Debug|Any CPU
		{C7C0A859-7190-4556-A734-15319F32C10B}.Release|x86.ActiveCfg = Release|Any CPU
		{C7C0A859-7190-4556-A734-15319F32C10B}.Release|x86.Build.0 = Release|Any CPU
		{28CF0D57-A212-478C-AE00-1C17CD3B4EBB}.Debug|x86.ActiveCfg = Debug|Any CPU
		{28CF0D57-A212-478C-AE00-1C17CD3B4EBB}.Debug|x86.Build.0 = Debug|Any CPU
		{28CF0D57-A212-478C-AE00-1C17CD3B4EBB}.Release|x86.ActiveCfg = Release|Any CPU
		{28CF0D57-A212-478C-AE00-1C17CD3B4EBB}.Release|x86.Build.0 = Release|Any CPU
	EndGlobalSection
	GlobalSection(SolutionProperties) = preSolution
		HideSolutionNode = FALSE
	EndGlobalSection
	GlobalSection(NestedProjects) = preSolution
		{1CEE2EFC-EC67-4509-96B5-619410F092A0} = {53A298A6-7DA2-4B37-A8C2-DF57C49B90D2}
		{4BEC4B4C-CF45-4C0A-AB16-5EAFC42A300A} = {53A298A6-7DA2-4B37-A8C2-DF57C49B90D2}
		{C7C0A859-7190-4556-A734-15319F32C10B} = {53A298A6-7DA2-4B37-A8C2-DF57C49B90D2}
		{28CF0D57-A212-478C-AE00-1C17CD3B4EBB} = {53A298A6-7DA2-4B37-A8C2-DF57C49B90D2}
	EndGlobalSection
	GlobalSection(ExtensibilityGlobals) = postSolution
		SolutionGuid = {3583891C-A7A6-473B-8F02-A1497BC3CCC4}
	EndGlobalSection
EndGlobal
